// !$*UTF8*$!
{
	archiveVersion = 1;
	classes = {
	};
	objectVersion = 46;
	objects = {

/* Begin PBXBuildFile section */
		4372874A1C51821100D803DC /* Endpoint.h in Headers */ = {isa = PBXBuildFile; fileRef = 437287491C51821100D803DC /* Endpoint.h */; settings = {ATTRIBUTES = (Public, ); }; };
		437287511C51821100D803DC /* Endpoint.framework in Frameworks */ = {isa = PBXBuildFile; fileRef = 437287461C51821100D803DC /* Endpoint.framework */; };
		437287611C51828700D803DC /* EndpointTypes.swift in Sources */ = {isa = PBXBuildFile; fileRef = 437287601C51828700D803DC /* EndpointTypes.swift */; };
		437287851C51875700D803DC /* AnyStructures.swift in Sources */ = {isa = PBXBuildFile; fileRef = 437287841C51875700D803DC /* AnyStructures.swift */; };
		437287871C5188EA00D803DC /* BaseURLEndpointProviderTypesTests.swift in Sources */ = {isa = PBXBuildFile; fileRef = 437287861C5188EA00D803DC /* BaseURLEndpointProviderTypesTests.swift */; };
		437287891C518BA400D803DC /* ProviderTypes.swift in Sources */ = {isa = PBXBuildFile; fileRef = 437287881C518BA400D803DC /* ProviderTypes.swift */; };
		4372878B1C519E4900D803DC /* EndpointProviderTypesTests.swift in Sources */ = {isa = PBXBuildFile; fileRef = 4372878A1C519E4900D803DC /* EndpointProviderTypesTests.swift */; };
/* End PBXBuildFile section */

/* Begin PBXContainerItemProxy section */
		437287521C51821100D803DC /* PBXContainerItemProxy */ = {
			isa = PBXContainerItemProxy;
			containerPortal = 4372873D1C51821100D803DC /* Project object */;
			proxyType = 1;
			remoteGlobalIDString = 437287451C51821100D803DC;
			remoteInfo = Endpoint;
		};
/* End PBXContainerItemProxy section */

/* Begin PBXFileReference section */
		437287461C51821100D803DC /* Endpoint.framework */ = {isa = PBXFileReference; explicitFileType = wrapper.framework; includeInIndex = 0; path = Endpoint.framework; sourceTree = BUILT_PRODUCTS_DIR; };
		437287491C51821100D803DC /* Endpoint.h */ = {isa = PBXFileReference; lastKnownFileType = sourcecode.c.h; path = Endpoint.h; sourceTree = "<group>"; };
		4372874B1C51821100D803DC /* Info.plist */ = {isa = PBXFileReference; lastKnownFileType = text.plist.xml; path = Info.plist; sourceTree = "<group>"; };
		437287501C51821100D803DC /* Endpoint-OSXTests.xctest */ = {isa = PBXFileReference; explicitFileType = wrapper.cfbundle; includeInIndex = 0; path = "Endpoint-OSXTests.xctest"; sourceTree = BUILT_PRODUCTS_DIR; };
		437287571C51821100D803DC /* Info.plist */ = {isa = PBXFileReference; lastKnownFileType = text.plist.xml; path = Info.plist; sourceTree = "<group>"; };
		437287601C51828700D803DC /* EndpointTypes.swift */ = {isa = PBXFileReference; fileEncoding = 4; lastKnownFileType = sourcecode.swift; path = EndpointTypes.swift; sourceTree = "<group>"; };
		437287841C51875700D803DC /* AnyStructures.swift */ = {isa = PBXFileReference; fileEncoding = 4; lastKnownFileType = sourcecode.swift; path = AnyStructures.swift; sourceTree = "<group>"; };
		437287861C5188EA00D803DC /* BaseURLEndpointProviderTypesTests.swift */ = {isa = PBXFileReference; fileEncoding = 4; lastKnownFileType = sourcecode.swift; path = BaseURLEndpointProviderTypesTests.swift; sourceTree = "<group>"; };
		437287881C518BA400D803DC /* ProviderTypes.swift */ = {isa = PBXFileReference; fileEncoding = 4; lastKnownFileType = sourcecode.swift; path = ProviderTypes.swift; sourceTree = "<group>"; };
		4372878A1C519E4900D803DC /* EndpointProviderTypesTests.swift */ = {isa = PBXFileReference; fileEncoding = 4; lastKnownFileType = sourcecode.swift; path = EndpointProviderTypesTests.swift; sourceTree = "<group>"; };
/* End PBXFileReference section */

/* Begin PBXFrameworksBuildPhase section */
		437287421C51821100D803DC /* Frameworks */ = {
			isa = PBXFrameworksBuildPhase;
			buildActionMask = 2147483647;
			files = (
			);
			runOnlyForDeploymentPostprocessing = 0;
		};
		4372874D1C51821100D803DC /* Frameworks */ = {
			isa = PBXFrameworksBuildPhase;
			buildActionMask = 2147483647;
			files = (
				437287511C51821100D803DC /* Endpoint.framework in Frameworks */,
			);
			runOnlyForDeploymentPostprocessing = 0;
		};
/* End PBXFrameworksBuildPhase section */

/* Begin PBXGroup section */
		4372873C1C51821100D803DC = {
			isa = PBXGroup;
			children = (
				437287481C51821100D803DC /* Endpoint */,
				437287541C51821100D803DC /* EndpointTests */,
				437287471C51821100D803DC /* Products */,
			);
			sourceTree = "<group>";
		};
		437287471C51821100D803DC /* Products */ = {
			isa = PBXGroup;
			children = (
				437287461C51821100D803DC /* Endpoint.framework */,
				437287501C51821100D803DC /* Endpoint-OSXTests.xctest */,
			);
			name = Products;
			sourceTree = "<group>";
		};
		437287481C51821100D803DC /* Endpoint */ = {
			isa = PBXGroup;
			children = (
				437287491C51821100D803DC /* Endpoint.h */,
				437287841C51875700D803DC /* AnyStructures.swift */,
				437287601C51828700D803DC /* EndpointTypes.swift */,
				437287881C518BA400D803DC /* ProviderTypes.swift */,
				4372874B1C51821100D803DC /* Info.plist */,
			);
			path = Endpoint;
			sourceTree = "<group>";
		};
		437287541C51821100D803DC /* EndpointTests */ = {
			isa = PBXGroup;
			children = (
				437287861C5188EA00D803DC /* BaseURLEndpointProviderTypesTests.swift */,
				4372878A1C519E4900D803DC /* EndpointProviderTypesTests.swift */,
				437287571C51821100D803DC /* Info.plist */,
			);
			path = EndpointTests;
			sourceTree = "<group>";
		};
/* End PBXGroup section */

/* Begin PBXHeadersBuildPhase section */
		437287431C51821100D803DC /* Headers */ = {
			isa = PBXHeadersBuildPhase;
			buildActionMask = 2147483647;
			files = (
				4372874A1C51821100D803DC /* Endpoint.h in Headers */,
			);
			runOnlyForDeploymentPostprocessing = 0;
		};
/* End PBXHeadersBuildPhase section */

/* Begin PBXNativeTarget section */
		437287451C51821100D803DC /* Endpoint-OSX */ = {
			isa = PBXNativeTarget;
			buildConfigurationList = 4372875A1C51821200D803DC /* Build configuration list for PBXNativeTarget "Endpoint-OSX" */;
			buildPhases = (
				437287411C51821100D803DC /* Sources */,
				437287421C51821100D803DC /* Frameworks */,
				437287431C51821100D803DC /* Headers */,
				437287441C51821100D803DC /* Resources */,
			);
			buildRules = (
			);
			dependencies = (
			);
			name = "Endpoint-OSX";
			productName = Endpoint;
			productReference = 437287461C51821100D803DC /* Endpoint.framework */;
			productType = "com.apple.product-type.framework";
		};
		4372874F1C51821100D803DC /* Endpoint-OSXTests */ = {
			isa = PBXNativeTarget;
			buildConfigurationList = 4372875D1C51821200D803DC /* Build configuration list for PBXNativeTarget "Endpoint-OSXTests" */;
			buildPhases = (
				4372874C1C51821100D803DC /* Sources */,
				4372874D1C51821100D803DC /* Frameworks */,
				4372874E1C51821100D803DC /* Resources */,
			);
			buildRules = (
			);
			dependencies = (
				437287531C51821100D803DC /* PBXTargetDependency */,
			);
			name = "Endpoint-OSXTests";
			productName = EndpointTests;
			productReference = 437287501C51821100D803DC /* Endpoint-OSXTests.xctest */;
			productType = "com.apple.product-type.bundle.unit-test";
		};
/* End PBXNativeTarget section */

/* Begin PBXProject section */
		4372873D1C51821100D803DC /* Project object */ = {
			isa = PBXProject;
			attributes = {
				LastSwiftUpdateCheck = 0730;
				LastUpgradeCheck = 0730;
				ORGANIZATIONNAME = "Nate Stedman";
				TargetAttributes = {
					437287451C51821100D803DC = {
						CreatedOnToolsVersion = 7.3;
					};
					4372874F1C51821100D803DC = {
						CreatedOnToolsVersion = 7.3;
					};
				};
			};
			buildConfigurationList = 437287401C51821100D803DC /* Build configuration list for PBXProject "Endpoint" */;
			compatibilityVersion = "Xcode 3.2";
			developmentRegion = English;
			hasScannedForEncodings = 0;
			knownRegions = (
				en,
			);
			mainGroup = 4372873C1C51821100D803DC;
			productRefGroup = 437287471C51821100D803DC /* Products */;
			projectDirPath = "";
			projectRoot = "";
			targets = (
				437287451C51821100D803DC /* Endpoint-OSX */,
				4372874F1C51821100D803DC /* Endpoint-OSXTests */,
			);
		};
/* End PBXProject section */

/* Begin PBXResourcesBuildPhase section */
		437287441C51821100D803DC /* Resources */ = {
			isa = PBXResourcesBuildPhase;
			buildActionMask = 2147483647;
			files = (
			);
			runOnlyForDeploymentPostprocessing = 0;
		};
		4372874E1C51821100D803DC /* Resources */ = {
			isa = PBXResourcesBuildPhase;
			buildActionMask = 2147483647;
			files = (
			);
			runOnlyForDeploymentPostprocessing = 0;
		};
/* End PBXResourcesBuildPhase section */

/* Begin PBXSourcesBuildPhase section */
		437287411C51821100D803DC /* Sources */ = {
			isa = PBXSourcesBuildPhase;
			buildActionMask = 2147483647;
			files = (
				437287891C518BA400D803DC /* ProviderTypes.swift in Sources */,
				437287851C51875700D803DC /* AnyStructures.swift in Sources */,
				437287611C51828700D803DC /* EndpointTypes.swift in Sources */,
			);
			runOnlyForDeploymentPostprocessing = 0;
		};
		4372874C1C51821100D803DC /* Sources */ = {
			isa = PBXSourcesBuildPhase;
			buildActionMask = 2147483647;
			files = (
				4372878B1C519E4900D803DC /* EndpointProviderTypesTests.swift in Sources */,
				437287871C5188EA00D803DC /* BaseURLEndpointProviderTypesTests.swift in Sources */,
			);
			runOnlyForDeploymentPostprocessing = 0;
		};
/* End PBXSourcesBuildPhase section */

/* Begin PBXTargetDependency section */
		437287531C51821100D803DC /* PBXTargetDependency */ = {
			isa = PBXTargetDependency;
			target = 437287451C51821100D803DC /* Endpoint-OSX */;
			targetProxy = 437287521C51821100D803DC /* PBXContainerItemProxy */;
		};
/* End PBXTargetDependency section */

/* Begin XCBuildConfiguration section */
		437287581C51821100D803DC /* Debug */ = {
			isa = XCBuildConfiguration;
			buildSettings = {
				ALWAYS_SEARCH_USER_PATHS = NO;
				CLANG_CXX_LANGUAGE_STANDARD = "gnu++0x";
				CLANG_CXX_LIBRARY = "libc++";
				CLANG_ENABLE_MODULES = YES;
				CLANG_ENABLE_OBJC_ARC = YES;
				CLANG_WARN_BOOL_CONVERSION = YES;
				CLANG_WARN_CONSTANT_CONVERSION = YES;
				CLANG_WARN_DIRECT_OBJC_ISA_USAGE = YES_ERROR;
				CLANG_WARN_EMPTY_BODY = YES;
				CLANG_WARN_ENUM_CONVERSION = YES;
				CLANG_WARN_INT_CONVERSION = YES;
				CLANG_WARN_OBJC_ROOT_CLASS = YES_ERROR;
				CLANG_WARN_UNREACHABLE_CODE = YES;
				CLANG_WARN__DUPLICATE_METHOD_MATCH = YES;
				CODE_SIGN_IDENTITY = "-";
				COPY_PHASE_STRIP = NO;
				CURRENT_PROJECT_VERSION = 1;
				DEBUG_INFORMATION_FORMAT = dwarf;
				ENABLE_STRICT_OBJC_MSGSEND = YES;
				ENABLE_TESTABILITY = YES;
				GCC_C_LANGUAGE_STANDARD = gnu99;
				GCC_DYNAMIC_NO_PIC = NO;
				GCC_NO_COMMON_BLOCKS = YES;
				GCC_OPTIMIZATION_LEVEL = 0;
				GCC_PREPROCESSOR_DEFINITIONS = (
					"DEBUG=1",
					"$(inherited)",
				);
				GCC_WARN_64_TO_32_BIT_CONVERSION = YES;
				GCC_WARN_ABOUT_RETURN_TYPE = YES_ERROR;
				GCC_WARN_UNDECLARED_SELECTOR = YES;
				GCC_WARN_UNINITIALIZED_AUTOS = YES_AGGRESSIVE;
				GCC_WARN_UNUSED_FUNCTION = YES;
				GCC_WARN_UNUSED_VARIABLE = YES;
				MACOSX_DEPLOYMENT_TARGET = 10.11;
				MTL_ENABLE_DEBUG_INFO = YES;
				ONLY_ACTIVE_ARCH = YES;
				SDKROOT = macosx;
				SWIFT_OPTIMIZATION_LEVEL = "-Onone";
				VERSIONING_SYSTEM = "apple-generic";
				VERSION_INFO_PREFIX = "";
			};
			name = Debug;
		};
		437287591C51821100D803DC /* Release */ = {
			isa = XCBuildConfiguration;
			buildSettings = {
				ALWAYS_SEARCH_USER_PATHS = NO;
				CLANG_CXX_LANGUAGE_STANDARD = "gnu++0x";
				CLANG_CXX_LIBRARY = "libc++";
				CLANG_ENABLE_MODULES = YES;
				CLANG_ENABLE_OBJC_ARC = YES;
				CLANG_WARN_BOOL_CONVERSION = YES;
				CLANG_WARN_CONSTANT_CONVERSION = YES;
				CLANG_WARN_DIRECT_OBJC_ISA_USAGE = YES_ERROR;
				CLANG_WARN_EMPTY_BODY = YES;
				CLANG_WARN_ENUM_CONVERSION = YES;
				CLANG_WARN_INT_CONVERSION = YES;
				CLANG_WARN_OBJC_ROOT_CLASS = YES_ERROR;
				CLANG_WARN_UNREACHABLE_CODE = YES;
				CLANG_WARN__DUPLICATE_METHOD_MATCH = YES;
				CODE_SIGN_IDENTITY = "-";
				COPY_PHASE_STRIP = NO;
				CURRENT_PROJECT_VERSION = 1;
				DEBUG_INFORMATION_FORMAT = "dwarf-with-dsym";
				ENABLE_NS_ASSERTIONS = NO;
				ENABLE_STRICT_OBJC_MSGSEND = YES;
				GCC_C_LANGUAGE_STANDARD = gnu99;
				GCC_NO_COMMON_BLOCKS = YES;
				GCC_WARN_64_TO_32_BIT_CONVERSION = YES;
				GCC_WARN_ABOUT_RETURN_TYPE = YES_ERROR;
				GCC_WARN_UNDECLARED_SELECTOR = YES;
				GCC_WARN_UNINITIALIZED_AUTOS = YES_AGGRESSIVE;
				GCC_WARN_UNUSED_FUNCTION = YES;
				GCC_WARN_UNUSED_VARIABLE = YES;
				MACOSX_DEPLOYMENT_TARGET = 10.11;
				MTL_ENABLE_DEBUG_INFO = NO;
				SDKROOT = macosx;
				VERSIONING_SYSTEM = "apple-generic";
				VERSION_INFO_PREFIX = "";
			};
			name = Release;
		};
		4372875B1C51821200D803DC /* Debug */ = {
			isa = XCBuildConfiguration;
			buildSettings = {
				CLANG_ENABLE_MODULES = YES;
				COMBINE_HIDPI_IMAGES = YES;
				DEFINES_MODULE = YES;
				DYLIB_COMPATIBILITY_VERSION = 1;
				DYLIB_CURRENT_VERSION = 1;
				DYLIB_INSTALL_NAME_BASE = "@rpath";
				FRAMEWORK_VERSION = A;
				INFOPLIST_FILE = Endpoint/Info.plist;
				INSTALL_PATH = "$(LOCAL_LIBRARY_DIR)/Frameworks";
				LD_RUNPATH_SEARCH_PATHS = "$(inherited) @executable_path/../Frameworks @loader_path/Frameworks";
				MACOSX_DEPLOYMENT_TARGET = 10.10;
				PRODUCT_BUNDLE_IDENTIFIER = com.natestedman.Endpoint;
				PRODUCT_NAME = Endpoint;
				SKIP_INSTALL = YES;
				SWIFT_OPTIMIZATION_LEVEL = "-Onone";
			};
			name = Debug;
		};
		4372875C1C51821200D803DC /* Release */ = {
			isa = XCBuildConfiguration;
			buildSettings = {
				CLANG_ENABLE_MODULES = YES;
				COMBINE_HIDPI_IMAGES = YES;
				DEFINES_MODULE = YES;
				DYLIB_COMPATIBILITY_VERSION = 1;
				DYLIB_CURRENT_VERSION = 1;
				DYLIB_INSTALL_NAME_BASE = "@rpath";
				FRAMEWORK_VERSION = A;
				INFOPLIST_FILE = Endpoint/Info.plist;
				INSTALL_PATH = "$(LOCAL_LIBRARY_DIR)/Frameworks";
				LD_RUNPATH_SEARCH_PATHS = "$(inherited) @executable_path/../Frameworks @loader_path/Frameworks";
				MACOSX_DEPLOYMENT_TARGET = 10.10;
				PRODUCT_BUNDLE_IDENTIFIER = com.natestedman.Endpoint;
				PRODUCT_NAME = Endpoint;
				SKIP_INSTALL = YES;
			};
			name = Release;
		};
		4372875E1C51821200D803DC /* Debug */ = {
			isa = XCBuildConfiguration;
			buildSettings = {
				COMBINE_HIDPI_IMAGES = YES;
				INFOPLIST_FILE = EndpointTests/Info.plist;
				LD_RUNPATH_SEARCH_PATHS = "$(inherited) @executable_path/../Frameworks @loader_path/../Frameworks";
				PRODUCT_BUNDLE_IDENTIFIER = com.natestedman.EndpointTests;
				PRODUCT_NAME = "$(TARGET_NAME)";
			};
			name = Debug;
		};
		4372875F1C51821200D803DC /* Release */ = {
			isa = XCBuildConfiguration;
			buildSettings = {
				COMBINE_HIDPI_IMAGES = YES;
				INFOPLIST_FILE = EndpointTests/Info.plist;
				LD_RUNPATH_SEARCH_PATHS = "$(inherited) @executable_path/../Frameworks @loader_path/../Frameworks";
				PRODUCT_BUNDLE_IDENTIFIER = com.natestedman.EndpointTests;
				PRODUCT_NAME = "$(TARGET_NAME)";
			};
			name = Release;
		};
/* End XCBuildConfiguration section */

/* Begin XCConfigurationList section */
		437287401C51821100D803DC /* Build configuration list for PBXProject "Endpoint" */ = {
			isa = XCConfigurationList;
			buildConfigurations = (
				437287581C51821100D803DC /* Debug */,
				437287591C51821100D803DC /* Release */,
			);
			defaultConfigurationIsVisible = 0;
			defaultConfigurationName = Release;
		};
		4372875A1C51821200D803DC /* Build configuration list for PBXNativeTarget "Endpoint-OSX" */ = {
			isa = XCConfigurationList;
			buildConfigurations = (
				4372875B1C51821200D803DC /* Debug */,
				4372875C1C51821200D803DC /* Release */,
			);
			defaultConfigurationIsVisible = 0;
			defaultConfigurationName = Release;
		};
		4372875D1C51821200D803DC /* Build configuration list for PBXNativeTarget "Endpoint-OSXTests" */ = {
			isa = XCConfigurationList;
			buildConfigurations = (
				4372875E1C51821200D803DC /* Debug */,
				4372875F1C51821200D803DC /* Release */,
			);
			defaultConfigurationIsVisible = 0;
			defaultConfigurationName = Release;
		};
/* End XCConfigurationList section */
	};
	rootObject = 4372873D1C51821100D803DC /* Project object */;
}
